
Microsoft Visual Studio Solution File, Format Version 12.00
# Visual Studio Version 17
VisualStudioVersion = 17.4.33213.308
MinimumVisualStudioVersion = 10.0.40219.1
Project("{FAE04EC0-301F-11D3-BF4B-00C04F79EFBC}") = "lab_4_4", "lab_4_4\lab_4_4.csproj", "{2FECC94D-357B-46C0-98A8-A9048EF0AC3E}"
EndProject
Global
	GlobalSection(SolutionConfigurationPlatforms) = preSolution
		Debug|Any CPU = Debug|Any CPU
		Release|Any CPU = Release|Any CPU
	EndGlobalSection
	GlobalSection(ProjectConfigurationPlatforms) = postSolution
		{2FECC94D-357B-46C0-98A8-A9048EF0AC3E}.Debug|Any CPU.ActiveCfg = Debug|Any CPU
		{2FECC94D-357B-46C0-98A8-A9048EF0AC3E}.Debug|Any CPU.Build.0 = Debug|Any CPU
		{2FECC94D-357B-46C0-98A8-A9048EF0AC3E}.Release|Any CPU.ActiveCfg = Release|Any CPU
		{2FECC94D-357B-46C0-98A8-A9048EF0AC3E}.Release|Any CPU.Build.0 = Release|Any CPU
	EndGlobalSection
	GlobalSection(SolutionProperties) = preSolution
		HideSolutionNode = FALSE
	EndGlobalSection
	GlobalSection(ExtensibilityGlobals) = postSolution
		SolutionGuid = {6FF32A9C-79B3-4D35-B1E9-B7EA48784FFB}
	EndGlobalSection
EndGlobal
