
Microsoft Visual Studio Solution File, Format Version 12.00
# Visual Studio Version 17
VisualStudioVersion = 17.4.33213.308
MinimumVisualStudioVersion = 10.0.40219.1
Project("{FAE04EC0-301F-11D3-BF4B-00C04F79EFBC}") = "lab_8", "lab_8\lab_8.csproj", "{77F730A2-682C-4AFA-BDA5-D4217C5E177A}"
EndProject
Global
	GlobalSection(SolutionConfigurationPlatforms) = preSolution
		Debug|Any CPU = Debug|Any CPU
		Release|Any CPU = Release|Any CPU
	EndGlobalSection
	GlobalSection(ProjectConfigurationPlatforms) = postSolution
		{77F730A2-682C-4AFA-BDA5-D4217C5E177A}.Debug|Any CPU.ActiveCfg = Debug|Any CPU
		{77F730A2-682C-4AFA-BDA5-D4217C5E177A}.Debug|Any CPU.Build.0 = Debug|Any CPU
		{77F730A2-682C-4AFA-BDA5-D4217C5E177A}.Release|Any CPU.ActiveCfg = Release|Any CPU
		{77F730A2-682C-4AFA-BDA5-D4217C5E177A}.Release|Any CPU.Build.0 = Release|Any CPU
	EndGlobalSection
	GlobalSection(SolutionProperties) = preSolution
		HideSolutionNode = FALSE
	EndGlobalSection
	GlobalSection(ExtensibilityGlobals) = postSolution
		SolutionGuid = {39F7445C-6F6A-4F1D-A18D-98DCDCE04346}
	EndGlobalSection
EndGlobal
