
Microsoft Visual Studio Solution File, Format Version 12.00
# Visual Studio Version 17
VisualStudioVersion = 17.4.33213.308
MinimumVisualStudioVersion = 10.0.40219.1
Project("{FAE04EC0-301F-11D3-BF4B-00C04F79EFBC}") = "labb_3", "labb_3\labb_3.csproj", "{548BF8AA-8920-4C34-A057-97A10E66CEF4}"
EndProject
Global
	GlobalSection(SolutionConfigurationPlatforms) = preSolution
		Debug|Any CPU = Debug|Any CPU
		Release|Any CPU = Release|Any CPU
	EndGlobalSection
	GlobalSection(ProjectConfigurationPlatforms) = postSolution
		{548BF8AA-8920-4C34-A057-97A10E66CEF4}.Debug|Any CPU.ActiveCfg = Debug|Any CPU
		{548BF8AA-8920-4C34-A057-97A10E66CEF4}.Debug|Any CPU.Build.0 = Debug|Any CPU
		{548BF8AA-8920-4C34-A057-97A10E66CEF4}.Release|Any CPU.ActiveCfg = Release|Any CPU
		{548BF8AA-8920-4C34-A057-97A10E66CEF4}.Release|Any CPU.Build.0 = Release|Any CPU
	EndGlobalSection
	GlobalSection(SolutionProperties) = preSolution
		HideSolutionNode = FALSE
	EndGlobalSection
	GlobalSection(ExtensibilityGlobals) = postSolution
		SolutionGuid = {59CBCD52-0098-4111-BB9E-1B7D28E44751}
	EndGlobalSection
EndGlobal
