
Microsoft Visual Studio Solution File, Format Version 12.00
# Visual Studio Version 17
VisualStudioVersion = 17.4.33213.308
MinimumVisualStudioVersion = 10.0.40219.1
Project("{FAE04EC0-301F-11D3-BF4B-00C04F79EFBC}") = "lab_4_2", "lab_4_2\lab_4_2.csproj", "{1D18B182-7A22-490C-945C-149A6920F2F8}"
EndProject
Global
	GlobalSection(SolutionConfigurationPlatforms) = preSolution
		Debug|Any CPU = Debug|Any CPU
		Release|Any CPU = Release|Any CPU
	EndGlobalSection
	GlobalSection(ProjectConfigurationPlatforms) = postSolution
		{1D18B182-7A22-490C-945C-149A6920F2F8}.Debug|Any CPU.ActiveCfg = Debug|Any CPU
		{1D18B182-7A22-490C-945C-149A6920F2F8}.Debug|Any CPU.Build.0 = Debug|Any CPU
		{1D18B182-7A22-490C-945C-149A6920F2F8}.Release|Any CPU.ActiveCfg = Release|Any CPU
		{1D18B182-7A22-490C-945C-149A6920F2F8}.Release|Any CPU.Build.0 = Release|Any CPU
	EndGlobalSection
	GlobalSection(SolutionProperties) = preSolution
		HideSolutionNode = FALSE
	EndGlobalSection
	GlobalSection(ExtensibilityGlobals) = postSolution
		SolutionGuid = {30410E21-33A2-47B3-8B95-2E7D0EE7F2A2}
	EndGlobalSection
EndGlobal
